// !$*UTF8*$!
{
	archiveVersion = 1;
	classes = {
	};
	objectVersion = 46;
	objects = {

/* Begin PBXBuildFile section */
		C276E0551B8A5C3E007346DB /* main.m in Sources */ = {isa = PBXBuildFile; fileRef = C276E0541B8A5C3E007346DB /* main.m */; };
		C276E0581B8A5C3E007346DB /* AppDelegate.m in Sources */ = {isa = PBXBuildFile; fileRef = C276E0571B8A5C3E007346DB /* AppDelegate.m */; };
		C276E05B1B8A5C3E007346DB /* ViewController.m in Sources */ = {isa = PBXBuildFile; fileRef = C276E05A1B8A5C3E007346DB /* ViewController.m */; };
		C276E05E1B8A5C3E007346DB /* Main.storyboard in Resources */ = {isa = PBXBuildFile; fileRef = C276E05C1B8A5C3E007346DB /* Main.storyboard */; };
		C276E0601B8A5C3E007346DB /* Images.xcassets in Resources */ = {isa = PBXBuildFile; fileRef = C276E05F1B8A5C3E007346DB /* Images.xcassets */; };
		C276E0631B8A5C3E007346DB /* LaunchScreen.xib in Resources */ = {isa = PBXBuildFile; fileRef = C276E0611B8A5C3E007346DB /* LaunchScreen.xib */; };
		C276E06F1B8A5C3F007346DB /* miFoodAppTestTests.m in Sources */ = {isa = PBXBuildFile; fileRef = C276E06E1B8A5C3F007346DB /* miFoodAppTestTests.m */; };
/* End PBXBuildFile section */

/* Begin PBXContainerItemProxy section */
		C276E0691B8A5C3F007346DB /* PBXContainerItemProxy */ = {
			isa = PBXContainerItemProxy;
			containerPortal = C276E0471B8A5C3E007346DB /* Project object */;
			proxyType = 1;
			remoteGlobalIDString = C276E04E1B8A5C3E007346DB;
			remoteInfo = miFoodAppTest;
		};
/* End PBXContainerItemProxy section */

/* Begin PBXFileReference section */
		C276E04F1B8A5C3E007346DB /* miFoodAppTest.app */ = {isa = PBXFileReference; explicitFileType = wrapper.application; includeInIndex = 0; path = miFoodAppTest.app; sourceTree = BUILT_PRODUCTS_DIR; };
		C276E0531B8A5C3E007346DB /* Info.plist */ = {isa = PBXFileReference; lastKnownFileType = text.plist.xml; path = Info.plist; sourceTree = "<group>"; };
		C276E0541B8A5C3E007346DB /* main.m */ = {isa = PBXFileReference; lastKnownFileType = sourcecode.c.objc; path = main.m; sourceTree = "<group>"; };
		C276E0561B8A5C3E007346DB /* AppDelegate.h */ = {isa = PBXFileReference; lastKnownFileType = sourcecode.c.h; path = AppDelegate.h; sourceTree = "<group>"; };
		C276E0571B8A5C3E007346DB /* AppDelegate.m */ = {isa = PBXFileReference; lastKnownFileType = sourcecode.c.objc; path = AppDelegate.m; sourceTree = "<group>"; };
		C276E0591B8A5C3E007346DB /* ViewController.h */ = {isa = PBXFileReference; lastKnownFileType = sourcecode.c.h; path = ViewController.h; sourceTree = "<group>"; };
		C276E05A1B8A5C3E007346DB /* ViewController.m */ = {isa = PBXFileReference; lastKnownFileType = sourcecode.c.objc; path = ViewController.m; sourceTree = "<group>"; };
		C276E05D1B8A5C3E007346DB /* Base */ = {isa = PBXFileReference; lastKnownFileType = file.storyboard; name = Base; path = Base.lproj/Main.storyboard; sourceTree = "<group>"; };
		C276E05F1B8A5C3E007346DB /* Images.xcassets */ = {isa = PBXFileReference; lastKnownFileType = folder.assetcatalog; path = Images.xcassets; sourceTree = "<group>"; };
		C276E0621B8A5C3E007346DB /* Base */ = {isa = PBXFileReference; lastKnownFileType = file.xib; name = Base; path = Base.lproj/LaunchScreen.xib; sourceTree = "<group>"; };
		C276E0681B8A5C3F007346DB /* miFoodAppTestTests.xctest */ = {isa = PBXFileReference; explicitFileType = wrapper.cfbundle; includeInIndex = 0; path = miFoodAppTestTests.xctest; sourceTree = BUILT_PRODUCTS_DIR; };
		C276E06D1B8A5C3F007346DB /* Info.plist */ = {isa = PBXFileReference; lastKnownFileType = text.plist.xml; path = Info.plist; sourceTree = "<group>"; };
		C276E06E1B8A5C3F007346DB /* miFoodAppTestTests.m */ = {isa = PBXFileReference; lastKnownFileType = sourcecode.c.objc; path = miFoodAppTestTests.m; sourceTree = "<group>"; };
/* End PBXFileReference section */

/* Begin PBXFrameworksBuildPhase section */
		C276E04C1B8A5C3E007346DB /* Frameworks */ = {
			isa = PBXFrameworksBuildPhase;
			buildActionMask = 2147483647;
			files = (
			);
			runOnlyForDeploymentPostprocessing = 0;
		};
		C276E0651B8A5C3F007346DB /* Frameworks */ = {
			isa = PBXFrameworksBuildPhase;
			buildActionMask = 2147483647;
			files = (
			);
			runOnlyForDeploymentPostprocessing = 0;
		};
/* End PBXFrameworksBuildPhase section */

/* Begin PBXGroup section */
		C276E0461B8A5C3E007346DB = {
			isa = PBXGroup;
			children = (
				C276E0511B8A5C3E007346DB /* miFoodAppTest */,
				C276E06B1B8A5C3F007346DB /* miFoodAppTestTests */,
				C276E0501B8A5C3E007346DB /* Products */,
			);
			sourceTree = "<group>";
		};
		C276E0501B8A5C3E007346DB /* Products */ = {
			isa = PBXGroup;
			children = (
				C276E04F1B8A5C3E007346DB /* miFoodAppTest.app */,
				C276E0681B8A5C3F007346DB /* miFoodAppTestTests.xctest */,
			);
			name = Products;
			sourceTree = "<group>";
		};
		C276E0511B8A5C3E007346DB /* miFoodAppTest */ = {
			isa = PBXGroup;
			children = (
				C276E0561B8A5C3E007346DB /* AppDelegate.h */,
				C276E0571B8A5C3E007346DB /* AppDelegate.m */,
				C276E0591B8A5C3E007346DB /* ViewController.h */,
				C276E05A1B8A5C3E007346DB /* ViewController.m */,
				C276E05C1B8A5C3E007346DB /* Main.storyboard */,
				C276E05F1B8A5C3E007346DB /* Images.xcassets */,
				C276E0611B8A5C3E007346DB /* LaunchScreen.xib */,
				C276E0521B8A5C3E007346DB /* Supporting Files */,
			);
			path = miFoodAppTest;
			sourceTree = "<group>";
		};
		C276E0521B8A5C3E007346DB /* Supporting Files */ = {
			isa = PBXGroup;
			children = (
				C276E0531B8A5C3E007346DB /* Info.plist */,
				C276E0541B8A5C3E007346DB /* main.m */,
			);
			name = "Supporting Files";
			sourceTree = "<group>";
		};
		C276E06B1B8A5C3F007346DB /* miFoodAppTestTests */ = {
			isa = PBXGroup;
			children = (
				C276E06E1B8A5C3F007346DB /* miFoodAppTestTests.m */,
				C276E06C1B8A5C3F007346DB /* Supporting Files */,
			);
			path = miFoodAppTestTests;
			sourceTree = "<group>";
		};
		C276E06C1B8A5C3F007346DB /* Supporting Files */ = {
			isa = PBXGroup;
			children = (
				C276E06D1B8A5C3F007346DB /* Info.plist */,
			);
			name = "Supporting Files";
			sourceTree = "<group>";
		};
/* End PBXGroup section */

/* Begin PBXNativeTarget section */
		C276E04E1B8A5C3E007346DB /* miFoodAppTest */ = {
			isa = PBXNativeTarget;
			buildConfigurationList = C276E0721B8A5C3F007346DB /* Build configuration list for PBXNativeTarget "miFoodAppTest" */;
			buildPhases = (
				C276E04B1B8A5C3E007346DB /* Sources */,
				C276E04C1B8A5C3E007346DB /* Frameworks */,
				C276E04D1B8A5C3E007346DB /* Resources */,
			);
			buildRules = (
			);
			dependencies = (
			);
			name = miFoodAppTest;
			productName = miFoodAppTest;
			productReference = C276E04F1B8A5C3E007346DB /* miFoodAppTest.app */;
			productType = "com.apple.product-type.application";
		};
		C276E0671B8A5C3F007346DB /* miFoodAppTestTests */ = {
			isa = PBXNativeTarget;
			buildConfigurationList = C276E0751B8A5C3F007346DB /* Build configuration list for PBXNativeTarget "miFoodAppTestTests" */;
			buildPhases = (
				C276E0641B8A5C3F007346DB /* Sources */,
				C276E0651B8A5C3F007346DB /* Frameworks */,
				C276E0661B8A5C3F007346DB /* Resources */,
			);
			buildRules = (
			);
			dependencies = (
				C276E06A1B8A5C3F007346DB /* PBXTargetDependency */,
			);
			name = miFoodAppTestTests;
			productName = miFoodAppTestTests;
			productReference = C276E0681B8A5C3F007346DB /* miFoodAppTestTests.xctest */;
			productType = "com.apple.product-type.bundle.unit-test";
		};
/* End PBXNativeTarget section */

/* Begin PBXProject section */
		C276E0471B8A5C3E007346DB /* Project object */ = {
			isa = PBXProject;
			attributes = {
				LastUpgradeCheck = 0630;
				ORGANIZATIONNAME = "Fabian Jenne";
				TargetAttributes = {
					C276E04E1B8A5C3E007346DB = {
						CreatedOnToolsVersion = 6.3.2;
					};
					C276E0671B8A5C3F007346DB = {
						CreatedOnToolsVersion = 6.3.2;
						TestTargetID = C276E04E1B8A5C3E007346DB;
					};
				};
			};
			buildConfigurationList = C276E04A1B8A5C3E007346DB /* Build configuration list for PBXProject "miFoodAppTest" */;
			compatibilityVersion = "Xcode 3.2";
			developmentRegion = English;
			hasScannedForEncodings = 0;
			knownRegions = (
				en,
				Base,
			);
			mainGroup = C276E0461B8A5C3E007346DB;
			productRefGroup = C276E0501B8A5C3E007346DB /* Products */;
			projectDirPath = "";
			projectRoot = "";
			targets = (
				C276E04E1B8A5C3E007346DB /* miFoodAppTest */,
				C276E0671B8A5C3F007346DB /* miFoodAppTestTests */,
			);
		};
/* End PBXProject section */

/* Begin PBXResourcesBuildPhase section */
		C276E04D1B8A5C3E007346DB /* Resources */ = {
			isa = PBXResourcesBuildPhase;
			buildActionMask = 2147483647;
			files = (
				C276E05E1B8A5C3E007346DB /* Main.storyboard in Resources */,
				C276E0631B8A5C3E007346DB /* LaunchScreen.xib in Resources */,
				C276E0601B8A5C3E007346DB /* Images.xcassets in Resources */,
			);
			runOnlyForDeploymentPostprocessing = 0;
		};
		C276E0661B8A5C3F007346DB /* Resources */ = {
			isa = PBXResourcesBuildPhase;
			buildActionMask = 2147483647;
			files = (
			);
			runOnlyForDeploymentPostprocessing = 0;
		};
/* End PBXResourcesBuildPhase section */

/* Begin PBXSourcesBuildPhase section */
		C276E04B1B8A5C3E007346DB /* Sources */ = {
			isa = PBXSourcesBuildPhase;
			buildActionMask = 2147483647;
			files = (
				C276E05B1B8A5C3E007346DB /* ViewController.m in Sources */,
				C276E0581B8A5C3E007346DB /* AppDelegate.m in Sources */,
				C276E0551B8A5C3E007346DB /* main.m in Sources */,
			);
			runOnlyForDeploymentPostprocessing = 0;
		};
		C276E0641B8A5C3F007346DB /* Sources */ = {
			isa = PBXSourcesBuildPhase;
			buildActionMask = 2147483647;
			files = (
				C276E06F1B8A5C3F007346DB /* miFoodAppTestTests.m in Sources */,
			);
			runOnlyForDeploymentPostprocessing = 0;
		};
/* End PBXSourcesBuildPhase section */

/* Begin PBXTargetDependency section */
		C276E06A1B8A5C3F007346DB /* PBXTargetDependency */ = {
			isa = PBXTargetDependency;
			target = C276E04E1B8A5C3E007346DB /* miFoodAppTest */;
			targetProxy = C276E0691B8A5C3F007346DB /* PBXContainerItemProxy */;
		};
/* End PBXTargetDependency section */

/* Begin PBXVariantGroup section */
		C276E05C1B8A5C3E007346DB /* Main.storyboard */ = {
			isa = PBXVariantGroup;
			children = (
				C276E05D1B8A5C3E007346DB /* Base */,
			);
			name = Main.storyboard;
			sourceTree = "<group>";
		};
		C276E0611B8A5C3E007346DB /* LaunchScreen.xib */ = {
			isa = PBXVariantGroup;
			children = (
				C276E0621B8A5C3E007346DB /* Base */,
			);
			name = LaunchScreen.xib;
			sourceTree = "<group>";
		};
/* End PBXVariantGroup section */

/* Begin XCBuildConfiguration section */
		C276E0701B8A5C3F007346DB /* Debug */ = {
			isa = XCBuildConfiguration;
			buildSettings = {
				ALWAYS_SEARCH_USER_PATHS = NO;
				CLANG_CXX_LANGUAGE_STANDARD = "gnu++0x";
				CLANG_CXX_LIBRARY = "libc++";
				CLANG_ENABLE_MODULES = YES;
				CLANG_ENABLE_OBJC_ARC = YES;
				CLANG_WARN_BOOL_CONVERSION = YES;
				CLANG_WARN_CONSTANT_CONVERSION = YES;
				CLANG_WARN_DIRECT_OBJC_ISA_USAGE = YES_ERROR;
				CLANG_WARN_EMPTY_BODY = YES;
				CLANG_WARN_ENUM_CONVERSION = YES;
				CLANG_WARN_INT_CONVERSION = YES;
				CLANG_WARN_OBJC_ROOT_CLASS = YES_ERROR;
				CLANG_WARN_UNREACHABLE_CODE = YES;
				CLANG_WARN__DUPLICATE_METHOD_MATCH = YES;
				"CODE_SIGN_IDENTITY[sdk=iphoneos*]" = "iPhone Developer";
				COPY_PHASE_STRIP = NO;
				DEBUG_INFORMATION_FORMAT = "dwarf-with-dsym";
				ENABLE_STRICT_OBJC_MSGSEND = YES;
				GCC_C_LANGUAGE_STANDARD = gnu99;
				GCC_DYNAMIC_NO_PIC = NO;
				GCC_NO_COMMON_BLOCKS = YES;
				GCC_OPTIMIZATION_LEVEL = 0;
				GCC_PREPROCESSOR_DEFINITIONS = (
					"DEBUG=1",
					"$(inherited)",
				);
				GCC_SYMBOLS_PRIVATE_EXTERN = NO;
				GCC_WARN_64_TO_32_BIT_CONVERSION = YES;
				GCC_WARN_ABOUT_RETURN_TYPE = YES_ERROR;
				GCC_WARN_UNDECLARED_SELECTOR = YES;
				GCC_WARN_UNINITIALIZED_AUTOS = YES_AGGRESSIVE;
				GCC_WARN_UNUSED_FUNCTION = YES;
				GCC_WARN_UNUSED_VARIABLE = YES;
				IPHONEOS_DEPLOYMENT_TARGET = 8.3;
				MTL_ENABLE_DEBUG_INFO = YES;
				ONLY_ACTIVE_ARCH = YES;
				SDKROOT = iphoneos;
			};
			name = Debug;
		};
		C276E0711B8A5C3F007346DB /* Release */ = {
			isa = XCBuildConfiguration;
			buildSettings = {
				ALWAYS_SEARCH_USER_PATHS = NO;
				CLANG_CXX_LANGUAGE_STANDARD = "gnu++0x";
				CLANG_CXX_LIBRARY = "libc++";
				CLANG_ENABLE_MODULES = YES;
				CLANG_ENABLE_OBJC_ARC = YES;
				CLANG_WARN_BOOL_CONVERSION = YES;
				CLANG_WARN_CONSTANT_CONVERSION = YES;
				CLANG_WARN_DIRECT_OBJC_ISA_USAGE = YES_ERROR;
				CLANG_WARN_EMPTY_BODY = YES;
				CLANG_WARN_ENUM_CONVERSION = YES;
				CLANG_WARN_INT_CONVERSION = YES;
				CLANG_WARN_OBJC_ROOT_CLASS = YES_ERROR;
				CLANG_WARN_UNREACHABLE_CODE = YES;
				CLANG_WARN__DUPLICATE_METHOD_MATCH = YES;
				"CODE_SIGN_IDENTITY[sdk=iphoneos*]" = "iPhone Developer";
				COPY_PHASE_STRIP = NO;
				DEBUG_INFORMATION_FORMAT = "dwarf-with-dsym";
				ENABLE_NS_ASSERTIONS = NO;
				ENABLE_STRICT_OBJC_MSGSEND = YES;
				GCC_C_LANGUAGE_STANDARD = gnu99;
				GCC_NO_COMMON_BLOCKS = YES;
				GCC_WARN_64_TO_32_BIT_CONVERSION = YES;
				GCC_WARN_ABOUT_RETURN_TYPE = YES_ERROR;
				GCC_WARN_UNDECLARED_SELECTOR = YES;
				GCC_WARN_UNINITIALIZED_AUTOS = YES_AGGRESSIVE;
				GCC_WARN_UNUSED_FUNCTION = YES;
				GCC_WARN_UNUSED_VARIABLE = YES;
				IPHONEOS_DEPLOYMENT_TARGET = 8.3;
				MTL_ENABLE_DEBUG_INFO = NO;
				SDKROOT = iphoneos;
				VALIDATE_PRODUCT = YES;
			};
			name = Release;
		};
		C276E0731B8A5C3F007346DB /* Debug */ = {
			isa = XCBuildConfiguration;
			buildSettings = {
				ASSETCATALOG_COMPILER_APPICON_NAME = AppIcon;
				INFOPLIST_FILE = miFoodAppTest/Info.plist;
				LD_RUNPATH_SEARCH_PATHS = "$(inherited) @executable_path/Frameworks";
				PRODUCT_NAME = "$(TARGET_NAME)";
			};
			name = Debug;
		};
		C276E0741B8A5C3F007346DB /* Release */ = {
			isa = XCBuildConfiguration;
			buildSettings = {
				ASSETCATALOG_COMPILER_APPICON_NAME = AppIcon;
				INFOPLIST_FILE = miFoodAppTest/Info.plist;
				LD_RUNPATH_SEARCH_PATHS = "$(inherited) @executable_path/Frameworks";
				PRODUCT_NAME = "$(TARGET_NAME)";
			};
			name = Release;
		};
		C276E0761B8A5C3F007346DB /* Debug */ = {
			isa = XCBuildConfiguration;
			buildSettings = {
				BUNDLE_LOADER = "$(TEST_HOST)";
				FRAMEWORK_SEARCH_PATHS = (
					"$(SDKROOT)/Developer/Library/Frameworks",
					"$(inherited)",
				);
				GCC_PREPROCESSOR_DEFINITIONS = (
					"DEBUG=1",
					"$(inherited)",
				);
				INFOPLIST_FILE = miFoodAppTestTests/Info.plist;
				LD_RUNPATH_SEARCH_PATHS = "$(inherited) @executable_path/Frameworks @loader_path/Frameworks";
				PRODUCT_NAME = "$(TARGET_NAME)";
				TEST_HOST = "$(BUILT_PRODUCTS_DIR)/miFoodAppTest.app/miFoodAppTest";
			};
			name = Debug;
		};
		C276E0771B8A5C3F007346DB /* Release */ = {
			isa = XCBuildConfiguration;
			buildSettings = {
				BUNDLE_LOADER = "$(TEST_HOST)";
				FRAMEWORK_SEARCH_PATHS = (
					"$(SDKROOT)/Developer/Library/Frameworks",
					"$(inherited)",
				);
				INFOPLIST_FILE = miFoodAppTestTests/Info.plist;
				LD_RUNPATH_SEARCH_PATHS = "$(inherited) @executable_path/Frameworks @loader_path/Frameworks";
				PRODUCT_NAME = "$(TARGET_NAME)";
				TEST_HOST = "$(BUILT_PRODUCTS_DIR)/miFoodAppTest.app/miFoodAppTest";
			};
			name = Release;
		};
/* End XCBuildConfiguration section */

/* Begin XCConfigurationList section */
		C276E04A1B8A5C3E007346DB /* Build configuration list for PBXProject "miFoodAppTest" */ = {
			isa = XCConfigurationList;
			buildConfigurations = (
				C276E0701B8A5C3F007346DB /* Debug */,
				C276E0711B8A5C3F007346DB /* Release */,
			);
			defaultConfigurationIsVisible = 0;
			defaultConfigurationName = Release;
		};
		C276E0721B8A5C3F007346DB /* Build configuration list for PBXNativeTarget "miFoodAppTest" */ = {
			isa = XCConfigurationList;
			buildConfigurations = (
				C276E0731B8A5C3F007346DB /* Debug */,
				C276E0741B8A5C3F007346DB /* Release */,
			);
			defaultConfigurationIsVisible = 0;
		};
		C276E0751B8A5C3F007346DB /* Build configuration list for PBXNativeTarget "miFoodAppTestTests" */ = {
			isa = XCConfigurationList;
			buildConfigurations = (
				C276E0761B8A5C3F007346DB /* Debug */,
				C276E0771B8A5C3F007346DB /* Release */,
			);
			defaultConfigurationIsVisible = 0;
		};
/* End XCConfigurationList section */
	};
	rootObject = C276E0471B8A5C3E007346DB /* Project object */;
}
